// !$*UTF8*$!
{
	archiveVersion = 1;
	classes = {
	};
	objectVersion = 46;
	objects = {

/* Begin PBXBuildFile section */
		920C4A4B19FFDCBB0069F1A5 /* L.swift in Sources */ = {isa = PBXBuildFile; fileRef = 920C4A4A19FFDCBB0069F1A5 /* L.swift */; };
		920C4A4D19FFDCC60069F1A5 /* Q.swift in Sources */ = {isa = PBXBuildFile; fileRef = 920C4A4C19FFDCC60069F1A5 /* Q.swift */; };
		920C4A4F19FFDCCC0069F1A5 /* Slash.swift in Sources */ = {isa = PBXBuildFile; fileRef = 920C4A4E19FFDCCC0069F1A5 /* Slash.swift */; };
		922587DC19FA9EC600153EEA /* AppDelegate.swift in Sources */ = {isa = PBXBuildFile; fileRef = 922587DB19FA9EC600153EEA /* AppDelegate.swift */; };
		922587DE19FA9EC600153EEA /* GameScene.swift in Sources */ = {isa = PBXBuildFile; fileRef = 922587DD19FA9EC600153EEA /* GameScene.swift */; };
		922587E019FA9EC600153EEA /* GameScene.sks in Resources */ = {isa = PBXBuildFile; fileRef = 922587DF19FA9EC600153EEA /* GameScene.sks */; };
		922587E219FA9EC600153EEA /* Images.xcassets in Resources */ = {isa = PBXBuildFile; fileRef = 922587E119FA9EC600153EEA /* Images.xcassets */; };
		922587E519FA9EC600153EEA /* MainMenu.xib in Resources */ = {isa = PBXBuildFile; fileRef = 922587E319FA9EC600153EEA /* MainMenu.xib */; };
		922587F119FA9EC600153EEA /* DontGetHitTests.swift in Sources */ = {isa = PBXBuildFile; fileRef = 922587F019FA9EC600153EEA /* DontGetHitTests.swift */; };
		922587FB19FAE85F00153EEA /* Monster.swift in Sources */ = {isa = PBXBuildFile; fileRef = 922587FA19FAE85F00153EEA /* Monster.swift */; };
		92ECCC7919FE9671005F8C3E /* GameControl.swift in Sources */ = {isa = PBXBuildFile; fileRef = 92ECCC7819FE9671005F8C3E /* GameControl.swift */; };
/* End PBXBuildFile section */

/* Begin PBXContainerItemProxy section */
		922587EB19FA9EC600153EEA /* PBXContainerItemProxy */ = {
			isa = PBXContainerItemProxy;
			containerPortal = 922587CE19FA9EC600153EEA /* Project object */;
			proxyType = 1;
			remoteGlobalIDString = 922587D519FA9EC600153EEA;
			remoteInfo = DontGetHit;
		};
/* End PBXContainerItemProxy section */

/* Begin PBXFileReference section */
		920C4A4A19FFDCBB0069F1A5 /* L.swift */ = {isa = PBXFileReference; fileEncoding = 4; lastKnownFileType = sourcecode.swift; path = L.swift; sourceTree = "<group>"; };
		920C4A4C19FFDCC60069F1A5 /* Q.swift */ = {isa = PBXFileReference; fileEncoding = 4; lastKnownFileType = sourcecode.swift; path = Q.swift; sourceTree = "<group>"; };
		920C4A4E19FFDCCC0069F1A5 /* Slash.swift */ = {isa = PBXFileReference; fileEncoding = 4; lastKnownFileType = sourcecode.swift; path = Slash.swift; sourceTree = "<group>"; };
		922587D619FA9EC600153EEA /* DontGetHit.app */ = {isa = PBXFileReference; explicitFileType = wrapper.application; includeInIndex = 0; path = DontGetHit.app; sourceTree = BUILT_PRODUCTS_DIR; };
		922587DA19FA9EC600153EEA /* Info.plist */ = {isa = PBXFileReference; lastKnownFileType = text.plist.xml; path = Info.plist; sourceTree = "<group>"; };
		922587DB19FA9EC600153EEA /* AppDelegate.swift */ = {isa = PBXFileReference; lastKnownFileType = sourcecode.swift; path = AppDelegate.swift; sourceTree = "<group>"; };
		922587DD19FA9EC600153EEA /* GameScene.swift */ = {isa = PBXFileReference; lastKnownFileType = sourcecode.swift; path = GameScene.swift; sourceTree = "<group>"; };
		922587DF19FA9EC600153EEA /* GameScene.sks */ = {isa = PBXFileReference; lastKnownFileType = file.sks; path = GameScene.sks; sourceTree = "<group>"; };
		922587E119FA9EC600153EEA /* Images.xcassets */ = {isa = PBXFileReference; lastKnownFileType = folder.assetcatalog; path = Images.xcassets; sourceTree = "<group>"; };
		922587E419FA9EC600153EEA /* Base */ = {isa = PBXFileReference; lastKnownFileType = file.xib; name = Base; path = Base.lproj/MainMenu.xib; sourceTree = "<group>"; };
		922587EA19FA9EC600153EEA /* DontGetHitTests.xctest */ = {isa = PBXFileReference; explicitFileType = wrapper.cfbundle; includeInIndex = 0; path = DontGetHitTests.xctest; sourceTree = BUILT_PRODUCTS_DIR; };
		922587EF19FA9EC600153EEA /* Info.plist */ = {isa = PBXFileReference; lastKnownFileType = text.plist.xml; path = Info.plist; sourceTree = "<group>"; };
		922587F019FA9EC600153EEA /* DontGetHitTests.swift */ = {isa = PBXFileReference; lastKnownFileType = sourcecode.swift; path = DontGetHitTests.swift; sourceTree = "<group>"; };
		922587FA19FAE85F00153EEA /* Monster.swift */ = {isa = PBXFileReference; fileEncoding = 4; lastKnownFileType = sourcecode.swift; path = Monster.swift; sourceTree = "<group>"; };
		92ECCC7819FE9671005F8C3E /* GameControl.swift */ = {isa = PBXFileReference; fileEncoding = 4; lastKnownFileType = sourcecode.swift; path = GameControl.swift; sourceTree = "<group>"; };
/* End PBXFileReference section */

/* Begin PBXFrameworksBuildPhase section */
		922587D319FA9EC600153EEA /* Frameworks */ = {
			isa = PBXFrameworksBuildPhase;
			buildActionMask = 2147483647;
			files = (
			);
			runOnlyForDeploymentPostprocessing = 0;
		};
		922587E719FA9EC600153EEA /* Frameworks */ = {
			isa = PBXFrameworksBuildPhase;
			buildActionMask = 2147483647;
			files = (
			);
			runOnlyForDeploymentPostprocessing = 0;
		};
/* End PBXFrameworksBuildPhase section */

/* Begin PBXGroup section */
		920C4A4919FFDCAF0069F1A5 /* Monsters */ = {
			isa = PBXGroup;
			children = (
				920C4A4A19FFDCBB0069F1A5 /* L.swift */,
				920C4A4C19FFDCC60069F1A5 /* Q.swift */,
				920C4A4E19FFDCCC0069F1A5 /* Slash.swift */,
			);
			name = Monsters;
			sourceTree = "<group>";
		};
		922587CD19FA9EC600153EEA = {
			isa = PBXGroup;
			children = (
				922587D819FA9EC600153EEA /* DontGetHit */,
				922587ED19FA9EC600153EEA /* DontGetHitTests */,
				922587D719FA9EC600153EEA /* Products */,
			);
			sourceTree = "<group>";
		};
		922587D719FA9EC600153EEA /* Products */ = {
			isa = PBXGroup;
			children = (
				922587D619FA9EC600153EEA /* DontGetHit.app */,
				922587EA19FA9EC600153EEA /* DontGetHitTests.xctest */,
			);
			name = Products;
			sourceTree = "<group>";
		};
		922587D819FA9EC600153EEA /* DontGetHit */ = {
			isa = PBXGroup;
			children = (
				920C4A4919FFDCAF0069F1A5 /* Monsters */,
				922587DB19FA9EC600153EEA /* AppDelegate.swift */,
				922587DD19FA9EC600153EEA /* GameScene.swift */,
				922587FA19FAE85F00153EEA /* Monster.swift */,
				922587DF19FA9EC600153EEA /* GameScene.sks */,
				922587E119FA9EC600153EEA /* Images.xcassets */,
				922587E319FA9EC600153EEA /* MainMenu.xib */,
				922587D919FA9EC600153EEA /* Supporting Files */,
				92ECCC7819FE9671005F8C3E /* GameControl.swift */,
			);
			path = DontGetHit;
			sourceTree = "<group>";
		};
		922587D919FA9EC600153EEA /* Supporting Files */ = {
			isa = PBXGroup;
			children = (
				922587DA19FA9EC600153EEA /* Info.plist */,
			);
			name = "Supporting Files";
			sourceTree = "<group>";
		};
		922587ED19FA9EC600153EEA /* DontGetHitTests */ = {
			isa = PBXGroup;
			children = (
				922587F019FA9EC600153EEA /* DontGetHitTests.swift */,
				922587EE19FA9EC600153EEA /* Supporting Files */,
			);
			path = DontGetHitTests;
			sourceTree = "<group>";
		};
		922587EE19FA9EC600153EEA /* Supporting Files */ = {
			isa = PBXGroup;
			children = (
				922587EF19FA9EC600153EEA /* Info.plist */,
			);
			name = "Supporting Files";
			sourceTree = "<group>";
		};
/* End PBXGroup section */

/* Begin PBXNativeTarget section */
		922587D519FA9EC600153EEA /* DontGetHit */ = {
			isa = PBXNativeTarget;
			buildConfigurationList = 922587F419FA9EC600153EEA /* Build configuration list for PBXNativeTarget "DontGetHit" */;
			buildPhases = (
				922587D219FA9EC600153EEA /* Sources */,
				922587D319FA9EC600153EEA /* Frameworks */,
				922587D419FA9EC600153EEA /* Resources */,
			);
			buildRules = (
			);
			dependencies = (
			);
			name = DontGetHit;
			productName = DontGetHit;
			productReference = 922587D619FA9EC600153EEA /* DontGetHit.app */;
			productType = "com.apple.product-type.application";
		};
		922587E919FA9EC600153EEA /* DontGetHitTests */ = {
			isa = PBXNativeTarget;
			buildConfigurationList = 922587F719FA9EC600153EEA /* Build configuration list for PBXNativeTarget "DontGetHitTests" */;
			buildPhases = (
				922587E619FA9EC600153EEA /* Sources */,
				922587E719FA9EC600153EEA /* Frameworks */,
				922587E819FA9EC600153EEA /* Resources */,
			);
			buildRules = (
			);
			dependencies = (
				922587EC19FA9EC600153EEA /* PBXTargetDependency */,
			);
			name = DontGetHitTests;
			productName = DontGetHitTests;
			productReference = 922587EA19FA9EC600153EEA /* DontGetHitTests.xctest */;
			productType = "com.apple.product-type.bundle.unit-test";
		};
/* End PBXNativeTarget section */

/* Begin PBXProject section */
		922587CE19FA9EC600153EEA /* Project object */ = {
			isa = PBXProject;
			attributes = {
				LastSwiftMigration = 0710;
				LastSwiftUpdateCheck = 0710;
				LastUpgradeCheck = 0710;
				ORGANIZATIONNAME = "Smith, Michael D.";
				TargetAttributes = {
					922587D519FA9EC600153EEA = {
						CreatedOnToolsVersion = 6.1;
					};
					922587E919FA9EC600153EEA = {
						CreatedOnToolsVersion = 6.1;
						TestTargetID = 922587D519FA9EC600153EEA;
					};
				};
			};
			buildConfigurationList = 922587D119FA9EC600153EEA /* Build configuration list for PBXProject "DontGetHit" */;
			compatibilityVersion = "Xcode 3.2";
			developmentRegion = English;
			hasScannedForEncodings = 0;
			knownRegions = (
				en,
				Base,
			);
			mainGroup = 922587CD19FA9EC600153EEA;
			productRefGroup = 922587D719FA9EC600153EEA /* Products */;
			projectDirPath = "";
			projectRoot = "";
			targets = (
				922587D519FA9EC600153EEA /* DontGetHit */,
				922587E919FA9EC600153EEA /* DontGetHitTests */,
			);
		};
/* End PBXProject section */

/* Begin PBXResourcesBuildPhase section */
		922587D419FA9EC600153EEA /* Resources */ = {
			isa = PBXResourcesBuildPhase;
			buildActionMask = 2147483647;
			files = (
				922587E019FA9EC600153EEA /* GameScene.sks in Resources */,
				922587E219FA9EC600153EEA /* Images.xcassets in Resources */,
				922587E519FA9EC600153EEA /* MainMenu.xib in Resources */,
			);
			runOnlyForDeploymentPostprocessing = 0;
		};
		922587E819FA9EC600153EEA /* Resources */ = {
			isa = PBXResourcesBuildPhase;
			buildActionMask = 2147483647;
			files = (
			);
			runOnlyForDeploymentPostprocessing = 0;
		};
/* End PBXResourcesBuildPhase section */

/* Begin PBXSourcesBuildPhase section */
		922587D219FA9EC600153EEA /* Sources */ = {
			isa = PBXSourcesBuildPhase;
			buildActionMask = 2147483647;
			files = (
				922587DE19FA9EC600153EEA /* GameScene.swift in Sources */,
				92ECCC7919FE9671005F8C3E /* GameControl.swift in Sources */,
				920C4A4B19FFDCBB0069F1A5 /* L.swift in Sources */,
				920C4A4D19FFDCC60069F1A5 /* Q.swift in Sources */,
				922587FB19FAE85F00153EEA /* Monster.swift in Sources */,
				920C4A4F19FFDCCC0069F1A5 /* Slash.swift in Sources */,
				922587DC19FA9EC600153EEA /* AppDelegate.swift in Sources */,
			);
			runOnlyForDeploymentPostprocessing = 0;
		};
		922587E619FA9EC600153EEA /* Sources */ = {
			isa = PBXSourcesBuildPhase;
			buildActionMask = 2147483647;
			files = (
				922587F119FA9EC600153EEA /* DontGetHitTests.swift in Sources */,
			);
			runOnlyForDeploymentPostprocessing = 0;
		};
/* End PBXSourcesBuildPhase section */

/* Begin PBXTargetDependency section */
		922587EC19FA9EC600153EEA /* PBXTargetDependency */ = {
			isa = PBXTargetDependency;
			target = 922587D519FA9EC600153EEA /* DontGetHit */;
			targetProxy = 922587EB19FA9EC600153EEA /* PBXContainerItemProxy */;
		};
/* End PBXTargetDependency section */

/* Begin PBXVariantGroup section */
		922587E319FA9EC600153EEA /* MainMenu.xib */ = {
			isa = PBXVariantGroup;
			children = (
				922587E419FA9EC600153EEA /* Base */,
			);
			name = MainMenu.xib;
			sourceTree = "<group>";
		};
/* End PBXVariantGroup section */

/* Begin XCBuildConfiguration section */
		922587F219FA9EC600153EEA /* Debug */ = {
			isa = XCBuildConfiguration;
			buildSettings = {
				ALWAYS_SEARCH_USER_PATHS = NO;
				CLANG_CXX_LANGUAGE_STANDARD = "gnu++0x";
				CLANG_CXX_LIBRARY = "libc++";
				CLANG_ENABLE_MODULES = YES;
				CLANG_ENABLE_OBJC_ARC = YES;
				CLANG_WARN_BOOL_CONVERSION = YES;
				CLANG_WARN_CONSTANT_CONVERSION = YES;
				CLANG_WARN_DIRECT_OBJC_ISA_USAGE = YES_ERROR;
				CLANG_WARN_EMPTY_BODY = YES;
				CLANG_WARN_ENUM_CONVERSION = YES;
				CLANG_WARN_INT_CONVERSION = YES;
				CLANG_WARN_OBJC_ROOT_CLASS = YES_ERROR;
				CLANG_WARN_UNREACHABLE_CODE = YES;
				CLANG_WARN__DUPLICATE_METHOD_MATCH = YES;
				CODE_SIGN_IDENTITY = "-";
				COPY_PHASE_STRIP = NO;
				ENABLE_STRICT_OBJC_MSGSEND = YES;
				ENABLE_TESTABILITY = YES;
				GCC_C_LANGUAGE_STANDARD = gnu99;
				GCC_DYNAMIC_NO_PIC = NO;
				GCC_OPTIMIZATION_LEVEL = 0;
				GCC_PREPROCESSOR_DEFINITIONS = (
					"DEBUG=1",
					"$(inherited)",
				);
				GCC_SYMBOLS_PRIVATE_EXTERN = NO;
				GCC_WARN_64_TO_32_BIT_CONVERSION = YES;
				GCC_WARN_ABOUT_RETURN_TYPE = YES_ERROR;
				GCC_WARN_UNDECLARED_SELECTOR = YES;
				GCC_WARN_UNINITIALIZED_AUTOS = YES_AGGRESSIVE;
				GCC_WARN_UNUSED_FUNCTION = YES;
				GCC_WARN_UNUSED_VARIABLE = YES;
				MACOSX_DEPLOYMENT_TARGET = 10.10;
				MTL_ENABLE_DEBUG_INFO = YES;
				ONLY_ACTIVE_ARCH = YES;
				SDKROOT = macosx;
				SWIFT_OPTIMIZATION_LEVEL = "-Onone";
			};
			name = Debug;
		};
		922587F319FA9EC600153EEA /* Release */ = {
			isa = XCBuildConfiguration;
			buildSettings = {
				ALWAYS_SEARCH_USER_PATHS = NO;
				CLANG_CXX_LANGUAGE_STANDARD = "gnu++0x";
				CLANG_CXX_LIBRARY = "libc++";
				CLANG_ENABLE_MODULES = YES;
				CLANG_ENABLE_OBJC_ARC = YES;
				CLANG_WARN_BOOL_CONVERSION = YES;
				CLANG_WARN_CONSTANT_CONVERSION = YES;
				CLANG_WARN_DIRECT_OBJC_ISA_USAGE = YES_ERROR;
				CLANG_WARN_EMPTY_BODY = YES;
				CLANG_WARN_ENUM_CONVERSION = YES;
				CLANG_WARN_INT_CONVERSION = YES;
				CLANG_WARN_OBJC_ROOT_CLASS = YES_ERROR;
				CLANG_WARN_UNREACHABLE_CODE = YES;
				CLANG_WARN__DUPLICATE_METHOD_MATCH = YES;
				CODE_SIGN_IDENTITY = "-";
				COPY_PHASE_STRIP = YES;
				DEBUG_INFORMATION_FORMAT = "dwarf-with-dsym";
				ENABLE_NS_ASSERTIONS = NO;
				ENABLE_STRICT_OBJC_MSGSEND = YES;
				GCC_C_LANGUAGE_STANDARD = gnu99;
				GCC_WARN_64_TO_32_BIT_CONVERSION = YES;
				GCC_WARN_ABOUT_RETURN_TYPE = YES_ERROR;
				GCC_WARN_UNDECLARED_SELECTOR = YES;
				GCC_WARN_UNINITIALIZED_AUTOS = YES_AGGRESSIVE;
				GCC_WARN_UNUSED_FUNCTION = YES;
				GCC_WARN_UNUSED_VARIABLE = YES;
				MACOSX_DEPLOYMENT_TARGET = 10.10;
				MTL_ENABLE_DEBUG_INFO = NO;
				SDKROOT = macosx;
			};
			name = Release;
		};
		922587F519FA9EC600153EEA /* Debug */ = {
			isa = XCBuildConfiguration;
			buildSettings = {
				ASSETCATALOG_COMPILER_APPICON_NAME = AppIcon;
				COMBINE_HIDPI_IMAGES = YES;
				INFOPLIST_FILE = DontGetHit/Info.plist;
				LD_RUNPATH_SEARCH_PATHS = "$(inherited) @executable_path/../Frameworks";
				PRODUCT_BUNDLE_IDENTIFIER = "smithmd.$(PRODUCT_NAME:rfc1034identifier)";
				PRODUCT_NAME = "$(TARGET_NAME)";
			};
			name = Debug;
		};
		922587F619FA9EC600153EEA /* Release */ = {
			isa = XCBuildConfiguration;
			buildSettings = {
				ASSETCATALOG_COMPILER_APPICON_NAME = AppIcon;
				COMBINE_HIDPI_IMAGES = YES;
				INFOPLIST_FILE = DontGetHit/Info.plist;
				LD_RUNPATH_SEARCH_PATHS = "$(inherited) @executable_path/../Frameworks";
				PRODUCT_BUNDLE_IDENTIFIER = "smithmd.$(PRODUCT_NAME:rfc1034identifier)";
				PRODUCT_NAME = "$(TARGET_NAME)";
			};
			name = Release;
		};
		922587F819FA9EC600153EEA /* Debug */ = {
			isa = XCBuildConfiguration;
			buildSettings = {
				BUNDLE_LOADER = "$(TEST_HOST)";
				COMBINE_HIDPI_IMAGES = YES;
				FRAMEWORK_SEARCH_PATHS = (
					"$(DEVELOPER_FRAMEWORKS_DIR)",
					"$(inherited)",
				);
				GCC_PREPROCESSOR_DEFINITIONS = (
					"DEBUG=1",
					"$(inherited)",
				);
				INFOPLIST_FILE = DontGetHitTests/Info.plist;
				LD_RUNPATH_SEARCH_PATHS = "$(inherited) @executable_path/../Frameworks @loader_path/../Frameworks";
				PRODUCT_BUNDLE_IDENTIFIER = "smithmd.$(PRODUCT_NAME:rfc1034identifier)";
				PRODUCT_NAME = "$(TARGET_NAME)";
				TEST_HOST = "$(BUILT_PRODUCTS_DIR)/DontGetHit.app/Contents/MacOS/DontGetHit";
			};
			name = Debug;
		};
		922587F919FA9EC600153EEA /* Release */ = {
			isa = XCBuildConfiguration;
			buildSettings = {
				BUNDLE_LOADER = "$(TEST_HOST)";
				COMBINE_HIDPI_IMAGES = YES;
				FRAMEWORK_SEARCH_PATHS = (
					"$(DEVELOPER_FRAMEWORKS_DIR)",
					"$(inherited)",
				);
				INFOPLIST_FILE = DontGetHitTests/Info.plist;
				LD_RUNPATH_SEARCH_PATHS = "$(inherited) @executable_path/../Frameworks @loader_path/../Frameworks";
				PRODUCT_BUNDLE_IDENTIFIER = "smithmd.$(PRODUCT_NAME:rfc1034identifier)";
				PRODUCT_NAME = "$(TARGET_NAME)";
				TEST_HOST = "$(BUILT_PRODUCTS_DIR)/DontGetHit.app/Contents/MacOS/DontGetHit";
			};
			name = Release;
		};
/* End XCBuildConfiguration section */

/* Begin XCConfigurationList section */
		922587D119FA9EC600153EEA /* Build configuration list for PBXProject "DontGetHit" */ = {
			isa = XCConfigurationList;
			buildConfigurations = (
				922587F219FA9EC600153EEA /* Debug */,
				922587F319FA9EC600153EEA /* Release */,
			);
			defaultConfigurationIsVisible = 0;
			defaultConfigurationName = Release;
		};
		922587F419FA9EC600153EEA /* Build configuration list for PBXNativeTarget "DontGetHit" */ = {
			isa = XCConfigurationList;
			buildConfigurations = (
				922587F519FA9EC600153EEA /* Debug */,
				922587F619FA9EC600153EEA /* Release */,
			);
			defaultConfigurationIsVisible = 0;
			defaultConfigurationName = Release;
		};
		922587F719FA9EC600153EEA /* Build configuration list for PBXNativeTarget "DontGetHitTests" */ = {
			isa = XCConfigurationList;
			buildConfigurations = (
				922587F819FA9EC600153EEA /* Debug */,
				922587F919FA9EC600153EEA /* Release */,
			);
			defaultConfigurationIsVisible = 0;
			defaultConfigurationName = Release;
		};
/* End XCConfigurationList section */
	};
	rootObject = 922587CE19FA9EC600153EEA /* Project object */;
}
